
Microsoft Visual Studio Solution File, Format Version 12.00
# Visual Studio Version 17
VisualStudioVersion = 17.8.34330.188
MinimumVisualStudioVersion = 10.0.40219.1
Project("{9A19103F-16F7-4668-BE54-9A1E7A4F7556}") = "Weather.Server", "Weather.Server\Weather.Server.csproj", "{3140918A-2BE4-4042-89EB-C5BA324CC321}"
EndProject
Global
	GlobalSection(SolutionConfigurationPlatforms) = preSolution
		Debug|Any CPU = Debug|Any CPU
		Release|Any CPU = Release|Any CPU
	EndGlobalSection
	GlobalSection(ProjectConfigurationPlatforms) = postSolution
		{3140918A-2BE4-4042-89EB-C5BA324CC321}.Debug|Any CPU.ActiveCfg = Debug|Any CPU
		{3140918A-2BE4-4042-89EB-C5BA324CC321}.Debug|Any CPU.Build.0 = Debug|Any CPU
		{3140918A-2BE4-4042-89EB-C5BA324CC321}.Release|Any CPU.ActiveCfg = Release|Any CPU
		{3140918A-2BE4-4042-89EB-C5BA324CC321}.Release|Any CPU.Build.0 = Release|Any CPU
	EndGlobalSection
	GlobalSection(SolutionProperties) = preSolution
		HideSolutionNode = FALSE
	EndGlobalSection
	GlobalSection(ExtensibilityGlobals) = postSolution
		SolutionGuid = {3ADBFB10-85EC-4B02-AA83-7EAF8A108E7E}
	EndGlobalSection
EndGlobal
